
Microsoft Visual Studio Solution File, Format Version 12.00
# Visual Studio Version 17
VisualStudioVersion = 17.6.33723.286
MinimumVisualStudioVersion = 10.0.40219.1
Project("{FAE04EC0-301F-11D3-BF4B-00C04F79EFBC}") = "ColorButtons", "ColorButtons\ColorButtons.csproj", "{23E17C08-BB4F-4C89-A955-E294665ABFC3}"
EndProject
Global
	GlobalSection(SolutionConfigurationPlatforms) = preSolution
		Debug|Any CPU = Debug|Any CPU
		Release|Any CPU = Release|Any CPU
	EndGlobalSection
	GlobalSection(ProjectConfigurationPlatforms) = postSolution
		{23E17C08-BB4F-4C89-A955-E294665ABFC3}.Debug|Any CPU.ActiveCfg = Debug|Any CPU
		{23E17C08-BB4F-4C89-A955-E294665ABFC3}.Debug|Any CPU.Build.0 = Debug|Any CPU
		{23E17C08-BB4F-4C89-A955-E294665ABFC3}.Release|Any CPU.ActiveCfg = Release|Any CPU
		{23E17C08-BB4F-4C89-A955-E294665ABFC3}.Release|Any CPU.Build.0 = Release|Any CPU
	EndGlobalSection
	GlobalSection(SolutionProperties) = preSolution
		HideSolutionNode = FALSE
	EndGlobalSection
	GlobalSection(ExtensibilityGlobals) = postSolution
		SolutionGuid = {18906327-CB51-4D8C-A449-67E78C17D0ED}
	EndGlobalSection
EndGlobal
